
Microsoft Visual Studio Solution File, Format Version 12.00
# Visual Studio 15
VisualStudioVersion = 15.0.28010.2048
MinimumVisualStudioVersion = 10.0.40219.1
Project("{F184B08F-C81C-45F6-A57F-5ABD9991F28F}") = "Sandbox", "Sandbox\Sandbox.vbproj", "{38B9E370-CC14-4900-8294-82315DA47931}"
EndProject
Global
	GlobalSection(SolutionConfigurationPlatforms) = preSolution
		Debug|Any CPU = Debug|Any CPU
		Release|Any CPU = Release|Any CPU
	EndGlobalSection
	GlobalSection(ProjectConfigurationPlatforms) = postSolution
		{38B9E370-CC14-4900-8294-82315DA47931}.Debug|Any CPU.ActiveCfg = Debug|Any CPU
		{38B9E370-CC14-4900-8294-82315DA47931}.Debug|Any CPU.Build.0 = Debug|Any CPU
		{38B9E370-CC14-4900-8294-82315DA47931}.Release|Any CPU.ActiveCfg = Release|Any CPU
		{38B9E370-CC14-4900-8294-82315DA47931}.Release|Any CPU.Build.0 = Release|Any CPU
	EndGlobalSection
	GlobalSection(SolutionProperties) = preSolution
		HideSolutionNode = FALSE
	EndGlobalSection
	GlobalSection(ExtensibilityGlobals) = postSolution
		SolutionGuid = {4B044746-F414-47FF-A445-451A74523C3C}
	EndGlobalSection
EndGlobal
